name: Force Unlock State

on:
  workflow_dispatch:

permissions:
  id-token: write
  contents: read

jobs:
  unlock:
    runs-on: ubuntu-latest
    steps:
      - name: Checkout
        uses: actions/checkout@v3

      - name: Setup Terraform
        uses: hashicorp/setup-terraform@v2

      - name: Configure AWS Credentials
        uses: aws-actions/configure-aws-credentials@v2
        with:
          aws-access-key-id: ${{ secrets.AWS_ACCESS_KEY_ID }}
          aws-secret-access-key: ${{ secrets.AWS_SECRET_ACCESS_KEY }}
          aws-region: us-east-2

      - name: Terraform Init
        run: terraform init

      - name: Force Unlock
        run: terraform force-unlock -force a79d05af-cc2d-85c8-1d2a-96cb20b85e08
